// !$*UTF8*$!
{
	archiveVersion = 1;
	classes = {
	};
	objectVersion = 46;
	objects = {

/* Begin PBXBuildFile section */
		C93EF3D017C6F17100ECB910 /* UIKit.framework in Frameworks */ = {isa = PBXBuildFile; fileRef = C93EF3CF17C6F17100ECB910 /* UIKit.framework */; };
		C93EF3D217C6F17100ECB910 /* Foundation.framework in Frameworks */ = {isa = PBXBuildFile; fileRef = C93EF3D117C6F17100ECB910 /* Foundation.framework */; };
		C93EF3D417C6F17100ECB910 /* CoreGraphics.framework in Frameworks */ = {isa = PBXBuildFile; fileRef = C93EF3D317C6F17100ECB910 /* CoreGraphics.framework */; };
		C93EF3DA17C6F17100ECB910 /* InfoPlist.strings in Resources */ = {isa = PBXBuildFile; fileRef = C93EF3D817C6F17100ECB910 /* InfoPlist.strings */; };
		C93EF3DC17C6F17100ECB910 /* main.m in Sources */ = {isa = PBXBuildFile; fileRef = C93EF3DB17C6F17100ECB910 /* main.m */; };
		C93EF3E017C6F17100ECB910 /* AppDelegate.m in Sources */ = {isa = PBXBuildFile; fileRef = C93EF3DF17C6F17100ECB910 /* AppDelegate.m */; };
		C93EF3E217C6F17100ECB910 /* Default.png in Resources */ = {isa = PBXBuildFile; fileRef = C93EF3E117C6F17100ECB910 /* Default.png */; };
		C93EF3E417C6F17200ECB910 /* Default@2x.png in Resources */ = {isa = PBXBuildFile; fileRef = C93EF3E317C6F17200ECB910 /* Default@2x.png */; };
		C93EF3E617C6F17200ECB910 /* Default-568h@2x.png in Resources */ = {isa = PBXBuildFile; fileRef = C93EF3E517C6F17200ECB910 /* Default-568h@2x.png */; };
		C93EF3E917C6F17200ECB910 /* MainStoryboard_iPhone.storyboard in Resources */ = {isa = PBXBuildFile; fileRef = C93EF3E717C6F17200ECB910 /* MainStoryboard_iPhone.storyboard */; };
		C93EF3EC17C6F17200ECB910 /* MainStoryboard_iPad.storyboard in Resources */ = {isa = PBXBuildFile; fileRef = C93EF3EA17C6F17200ECB910 /* MainStoryboard_iPad.storyboard */; };
		C93EF3EF17C6F17200ECB910 /* ViewController.m in Sources */ = {isa = PBXBuildFile; fileRef = C93EF3EE17C6F17200ECB910 /* ViewController.m */; };
/* End PBXBuildFile section */

/* Begin PBXFileReference section */
		C93EF3CC17C6F17100ECB910 /* Matchismo.app */ = {isa = PBXFileReference; explicitFileType = wrapper.application; includeInIndex = 0; path = Matchismo.app; sourceTree = BUILT_PRODUCTS_DIR; };
		C93EF3CF17C6F17100ECB910 /* UIKit.framework */ = {isa = PBXFileReference; lastKnownFileType = wrapper.framework; name = UIKit.framework; path = System/Library/Frameworks/UIKit.framework; sourceTree = SDKROOT; };
		C93EF3D117C6F17100ECB910 /* Foundation.framework */ = {isa = PBXFileReference; lastKnownFileType = wrapper.framework; name = Foundation.framework; path = System/Library/Frameworks/Foundation.framework; sourceTree = SDKROOT; };
		C93EF3D317C6F17100ECB910 /* CoreGraphics.framework */ = {isa = PBXFileReference; lastKnownFileType = wrapper.framework; name = CoreGraphics.framework; path = System/Library/Frameworks/CoreGraphics.framework; sourceTree = SDKROOT; };
		C93EF3D717C6F17100ECB910 /* Matchismo-Info.plist */ = {isa = PBXFileReference; lastKnownFileType = text.plist.xml; path = "Matchismo-Info.plist"; sourceTree = "<group>"; };
		C93EF3D917C6F17100ECB910 /* en */ = {isa = PBXFileReference; lastKnownFileType = text.plist.strings; name = en; path = en.lproj/InfoPlist.strings; sourceTree = "<group>"; };
		C93EF3DB17C6F17100ECB910 /* main.m */ = {isa = PBXFileReference; lastKnownFileType = sourcecode.c.objc; path = main.m; sourceTree = "<group>"; };
		C93EF3DD17C6F17100ECB910 /* Matchismo-Prefix.pch */ = {isa = PBXFileReference; lastKnownFileType = sourcecode.c.h; path = "Matchismo-Prefix.pch"; sourceTree = "<group>"; };
		C93EF3DE17C6F17100ECB910 /* AppDelegate.h */ = {isa = PBXFileReference; lastKnownFileType = sourcecode.c.h; path = AppDelegate.h; sourceTree = "<group>"; };
		C93EF3DF17C6F17100ECB910 /* AppDelegate.m */ = {isa = PBXFileReference; lastKnownFileType = sourcecode.c.objc; path = AppDelegate.m; sourceTree = "<group>"; };
		C93EF3E117C6F17100ECB910 /* Default.png */ = {isa = PBXFileReference; lastKnownFileType = image.png; path = Default.png; sourceTree = "<group>"; };
		C93EF3E317C6F17200ECB910 /* Default@2x.png */ = {isa = PBXFileReference; lastKnownFileType = image.png; path = "Default@2x.png"; sourceTree = "<group>"; };
		C93EF3E517C6F17200ECB910 /* Default-568h@2x.png */ = {isa = PBXFileReference; lastKnownFileType = image.png; path = "Default-568h@2x.png"; sourceTree = "<group>"; };
		C93EF3E817C6F17200ECB910 /* en */ = {isa = PBXFileReference; lastKnownFileType = file.storyboard; name = en; path = en.lproj/MainStoryboard_iPhone.storyboard; sourceTree = "<group>"; };
		C93EF3EB17C6F17200ECB910 /* en */ = {isa = PBXFileReference; lastKnownFileType = file.storyboard; name = en; path = en.lproj/MainStoryboard_iPad.storyboard; sourceTree = "<group>"; };
		C93EF3ED17C6F17200ECB910 /* ViewController.h */ = {isa = PBXFileReference; lastKnownFileType = sourcecode.c.h; path = ViewController.h; sourceTree = "<group>"; };
		C93EF3EE17C6F17200ECB910 /* ViewController.m */ = {isa = PBXFileReference; lastKnownFileType = sourcecode.c.objc; path = ViewController.m; sourceTree = "<group>"; };
/* End PBXFileReference section */

/* Begin PBXFrameworksBuildPhase section */
		C93EF3C917C6F17100ECB910 /* Frameworks */ = {
			isa = PBXFrameworksBuildPhase;
			buildActionMask = 2147483647;
			files = (
				C93EF3D017C6F17100ECB910 /* UIKit.framework in Frameworks */,
				C93EF3D217C6F17100ECB910 /* Foundation.framework in Frameworks */,
				C93EF3D417C6F17100ECB910 /* CoreGraphics.framework in Frameworks */,
			);
			runOnlyForDeploymentPostprocessing = 0;
		};
/* End PBXFrameworksBuildPhase section */

/* Begin PBXGroup section */
		C93EF3C317C6F17100ECB910 = {
			isa = PBXGroup;
			children = (
				C93EF3D517C6F17100ECB910 /* Matchismo */,
				C93EF3CE17C6F17100ECB910 /* Frameworks */,
				C93EF3CD17C6F17100ECB910 /* Products */,
			);
			sourceTree = "<group>";
		};
		C93EF3CD17C6F17100ECB910 /* Products */ = {
			isa = PBXGroup;
			children = (
				C93EF3CC17C6F17100ECB910 /* Matchismo.app */,
			);
			name = Products;
			sourceTree = "<group>";
		};
		C93EF3CE17C6F17100ECB910 /* Frameworks */ = {
			isa = PBXGroup;
			children = (
				C93EF3CF17C6F17100ECB910 /* UIKit.framework */,
				C93EF3D117C6F17100ECB910 /* Foundation.framework */,
				C93EF3D317C6F17100ECB910 /* CoreGraphics.framework */,
			);
			name = Frameworks;
			sourceTree = "<group>";
		};
		C93EF3D517C6F17100ECB910 /* Matchismo */ = {
			isa = PBXGroup;
			children = (
				C93EF3DE17C6F17100ECB910 /* AppDelegate.h */,
				C93EF3DF17C6F17100ECB910 /* AppDelegate.m */,
				C93EF3E717C6F17200ECB910 /* MainStoryboard_iPhone.storyboard */,
				C93EF3EA17C6F17200ECB910 /* MainStoryboard_iPad.storyboard */,
				C93EF3ED17C6F17200ECB910 /* ViewController.h */,
				C93EF3EE17C6F17200ECB910 /* ViewController.m */,
				C93EF3D617C6F17100ECB910 /* Supporting Files */,
			);
			path = Matchismo;
			sourceTree = "<group>";
		};
		C93EF3D617C6F17100ECB910 /* Supporting Files */ = {
			isa = PBXGroup;
			children = (
				C93EF3D717C6F17100ECB910 /* Matchismo-Info.plist */,
				C93EF3D817C6F17100ECB910 /* InfoPlist.strings */,
				C93EF3DB17C6F17100ECB910 /* main.m */,
				C93EF3DD17C6F17100ECB910 /* Matchismo-Prefix.pch */,
				C93EF3E117C6F17100ECB910 /* Default.png */,
				C93EF3E317C6F17200ECB910 /* Default@2x.png */,
				C93EF3E517C6F17200ECB910 /* Default-568h@2x.png */,
			);
			name = "Supporting Files";
			sourceTree = "<group>";
		};
/* End PBXGroup section */

/* Begin PBXNativeTarget section */
		C93EF3CB17C6F17100ECB910 /* Matchismo */ = {
			isa = PBXNativeTarget;
			buildConfigurationList = C93EF3F217C6F17200ECB910 /* Build configuration list for PBXNativeTarget "Matchismo" */;
			buildPhases = (
				C93EF3C817C6F17100ECB910 /* Sources */,
				C93EF3C917C6F17100ECB910 /* Frameworks */,
				C93EF3CA17C6F17100ECB910 /* Resources */,
			);
			buildRules = (
			);
			dependencies = (
			);
			name = Matchismo;
			productName = Matchismo;
			productReference = C93EF3CC17C6F17100ECB910 /* Matchismo.app */;
			productType = "com.apple.product-type.application";
		};
/* End PBXNativeTarget section */

/* Begin PBXProject section */
		C93EF3C417C6F17100ECB910 /* Project object */ = {
			isa = PBXProject;
			attributes = {
				LastUpgradeCheck = 0460;
				ORGANIZATIONNAME = "Matthew Hillman";
			};
			buildConfigurationList = C93EF3C717C6F17100ECB910 /* Build configuration list for PBXProject "Matchismo" */;
			compatibilityVersion = "Xcode 3.2";
			developmentRegion = English;
			hasScannedForEncodings = 0;
			knownRegions = (
				en,
			);
			mainGroup = C93EF3C317C6F17100ECB910;
			productRefGroup = C93EF3CD17C6F17100ECB910 /* Products */;
			projectDirPath = "";
			projectRoot = "";
			targets = (
				C93EF3CB17C6F17100ECB910 /* Matchismo */,
			);
		};
/* End PBXProject section */

/* Begin PBXResourcesBuildPhase section */
		C93EF3CA17C6F17100ECB910 /* Resources */ = {
			isa = PBXResourcesBuildPhase;
			buildActionMask = 2147483647;
			files = (
				C93EF3DA17C6F17100ECB910 /* InfoPlist.strings in Resources */,
				C93EF3E217C6F17100ECB910 /* Default.png in Resources */,
				C93EF3E417C6F17200ECB910 /* Default@2x.png in Resources */,
				C93EF3E617C6F17200ECB910 /* Default-568h@2x.png in Resources */,
				C93EF3E917C6F17200ECB910 /* MainStoryboard_iPhone.storyboard in Resources */,
				C93EF3EC17C6F17200ECB910 /* MainStoryboard_iPad.storyboard in Resources */,
			);
			runOnlyForDeploymentPostprocessing = 0;
		};
/* End PBXResourcesBuildPhase section */

/* Begin PBXSourcesBuildPhase section */
		C93EF3C817C6F17100ECB910 /* Sources */ = {
			isa = PBXSourcesBuildPhase;
			buildActionMask = 2147483647;
			files = (
				C93EF3DC17C6F17100ECB910 /* main.m in Sources */,
				C93EF3E017C6F17100ECB910 /* AppDelegate.m in Sources */,
				C93EF3EF17C6F17200ECB910 /* ViewController.m in Sources */,
			);
			runOnlyForDeploymentPostprocessing = 0;
		};
/* End PBXSourcesBuildPhase section */

/* Begin PBXVariantGroup section */
		C93EF3D817C6F17100ECB910 /* InfoPlist.strings */ = {
			isa = PBXVariantGroup;
			children = (
				C93EF3D917C6F17100ECB910 /* en */,
			);
			name = InfoPlist.strings;
			sourceTree = "<group>";
		};
		C93EF3E717C6F17200ECB910 /* MainStoryboard_iPhone.storyboard */ = {
			isa = PBXVariantGroup;
			children = (
				C93EF3E817C6F17200ECB910 /* en */,
			);
			name = MainStoryboard_iPhone.storyboard;
			sourceTree = "<group>";
		};
		C93EF3EA17C6F17200ECB910 /* MainStoryboard_iPad.storyboard */ = {
			isa = PBXVariantGroup;
			children = (
				C93EF3EB17C6F17200ECB910 /* en */,
			);
			name = MainStoryboard_iPad.storyboard;
			sourceTree = "<group>";
		};
/* End PBXVariantGroup section */

/* Begin XCBuildConfiguration section */
		C93EF3F017C6F17200ECB910 /* Debug */ = {
			isa = XCBuildConfiguration;
			buildSettings = {
				ALWAYS_SEARCH_USER_PATHS = NO;
				CLANG_CXX_LANGUAGE_STANDARD = "gnu++0x";
				CLANG_CXX_LIBRARY = "libc++";
				CLANG_ENABLE_OBJC_ARC = YES;
				CLANG_WARN_CONSTANT_CONVERSION = YES;
				CLANG_WARN_EMPTY_BODY = YES;
				CLANG_WARN_ENUM_CONVERSION = YES;
				CLANG_WARN_INT_CONVERSION = YES;
				CLANG_WARN__DUPLICATE_METHOD_MATCH = YES;
				"CODE_SIGN_IDENTITY[sdk=iphoneos*]" = "iPhone Developer";
				COPY_PHASE_STRIP = NO;
				GCC_C_LANGUAGE_STANDARD = gnu99;
				GCC_DYNAMIC_NO_PIC = NO;
				GCC_OPTIMIZATION_LEVEL = 0;
				GCC_PREPROCESSOR_DEFINITIONS = (
					"DEBUG=1",
					"$(inherited)",
				);
				GCC_SYMBOLS_PRIVATE_EXTERN = NO;
				GCC_WARN_ABOUT_RETURN_TYPE = YES;
				GCC_WARN_UNINITIALIZED_AUTOS = YES;
				GCC_WARN_UNUSED_VARIABLE = YES;
				IPHONEOS_DEPLOYMENT_TARGET = 6.1;
				ONLY_ACTIVE_ARCH = YES;
				SDKROOT = iphoneos;
				TARGETED_DEVICE_FAMILY = "1,2";
			};
			name = Debug;
		};
		C93EF3F117C6F17200ECB910 /* Release */ = {
			isa = XCBuildConfiguration;
			buildSettings = {
				ALWAYS_SEARCH_USER_PATHS = NO;
				CLANG_CXX_LANGUAGE_STANDARD = "gnu++0x";
				CLANG_CXX_LIBRARY = "libc++";
				CLANG_ENABLE_OBJC_ARC = YES;
				CLANG_WARN_CONSTANT_CONVERSION = YES;
				CLANG_WARN_EMPTY_BODY = YES;
				CLANG_WARN_ENUM_CONVERSION = YES;
				CLANG_WARN_INT_CONVERSION = YES;
				CLANG_WARN__DUPLICATE_METHOD_MATCH = YES;
				"CODE_SIGN_IDENTITY[sdk=iphoneos*]" = "iPhone Developer";
				COPY_PHASE_STRIP = YES;
				GCC_C_LANGUAGE_STANDARD = gnu99;
				GCC_WARN_ABOUT_RETURN_TYPE = YES;
				GCC_WARN_UNINITIALIZED_AUTOS = YES;
				GCC_WARN_UNUSED_VARIABLE = YES;
				IPHONEOS_DEPLOYMENT_TARGET = 6.1;
				OTHER_CFLAGS = "-DNS_BLOCK_ASSERTIONS=1";
				SDKROOT = iphoneos;
				TARGETED_DEVICE_FAMILY = "1,2";
				VALIDATE_PRODUCT = YES;
			};
			name = Release;
		};
		C93EF3F317C6F17200ECB910 /* Debug */ = {
			isa = XCBuildConfiguration;
			buildSettings = {
				GCC_PRECOMPILE_PREFIX_HEADER = YES;
				GCC_PREFIX_HEADER = "Matchismo/Matchismo-Prefix.pch";
				INFOPLIST_FILE = "Matchismo/Matchismo-Info.plist";
				PRODUCT_NAME = "$(TARGET_NAME)";
				WRAPPER_EXTENSION = app;
			};
			name = Debug;
		};
		C93EF3F417C6F17200ECB910 /* Release */ = {
			isa = XCBuildConfiguration;
			buildSettings = {
				GCC_PRECOMPILE_PREFIX_HEADER = YES;
				GCC_PREFIX_HEADER = "Matchismo/Matchismo-Prefix.pch";
				INFOPLIST_FILE = "Matchismo/Matchismo-Info.plist";
				PRODUCT_NAME = "$(TARGET_NAME)";
				WRAPPER_EXTENSION = app;
			};
			name = Release;
		};
/* End XCBuildConfiguration section */

/* Begin XCConfigurationList section */
		C93EF3C717C6F17100ECB910 /* Build configuration list for PBXProject "Matchismo" */ = {
			isa = XCConfigurationList;
			buildConfigurations = (
				C93EF3F017C6F17200ECB910 /* Debug */,
				C93EF3F117C6F17200ECB910 /* Release */,
			);
			defaultConfigurationIsVisible = 0;
			defaultConfigurationName = Release;
		};
		C93EF3F217C6F17200ECB910 /* Build configuration list for PBXNativeTarget "Matchismo" */ = {
			isa = XCConfigurationList;
			buildConfigurations = (
				C93EF3F317C6F17200ECB910 /* Debug */,
				C93EF3F417C6F17200ECB910 /* Release */,
			);
			defaultConfigurationIsVisible = 0;
		};
/* End XCConfigurationList section */
	};
	rootObject = C93EF3C417C6F17100ECB910 /* Project object */;
}
